{
  "version": 4,
  "terraform_version": "0.12.6",
  "serial": 240,
  "lineage": "19aaf5ca-d517-9d4e-bd8f-d7743dc59d68",
  "outputs": {},
  "resources": [
    {
      "mode": "data",
      "type": "aws_availability_zones",
      "name": "available",
      "provider": "provider.aws",
      "instances": [
        {
          "schema_version": 0,
          "attributes": {
            "blacklisted_names": null,
            "blacklisted_zone_ids": null,
            "id": "2019-09-20 14:15:48.936149464 +0000 UTC",
            "names": [
              "us-east-1a",
              "us-east-1b",
              "us-east-1c",
              "us-east-1d",
              "us-east-1e",
              "us-east-1f"
            ],
            "state": null,
            "zone_ids": [
              "use1-az1",
              "use1-az2",
              "use1-az4",
              "use1-az6",
              "use1-az3",
              "use1-az5"
            ]
          }
        }
      ]
    },
    {
      "mode": "managed",
      "type": "aws_autoscaling_group",
      "name": "eks-asg",
      "provider": "provider.aws",
      "instances": []
    },
    {
      "mode": "managed",
      "type": "aws_eks_cluster",
      "name": "eks-cluster",
      "provider": "provider.aws",
      "instances": [
        {
          "schema_version": 0,
          "attributes": {
            "arn": "arn:aws:eks:us-east-1:748762807827:cluster/eks-dev-cluster",
            "certificate_authority": [
              {
                "data": "LS0tLS1CRUdJTiBDRVJUSUZJQ0FURS0tLS0tCk1JSUN5RENDQWJDZ0F3SUJBZ0lCQURBTkJna3Foa2lHOXcwQkFRc0ZBREFWTVJNd0VRWURWUVFERXdwcmRXSmwKY201bGRHVnpNQjRYRFRFNU1Ea3lNREUwTVRJMU5sb1hEVEk1TURreE56RTBNVEkxTmxvd0ZURVRNQkVHQTFVRQpBeE1LYTNWaVpYSnVaWFJsY3pDQ0FTSXdEUVlKS29aSWh2Y05BUUVCQlFBRGdnRVBBRENDQVFvQ2dnRUJBTFhwCmdNRkdpNnpzSjRTckVtbFpjMHF3VnIxWHhOMStVRmJiWlhZcTBNL1FoQlFzVHNhdWVZcXBGU3BCdm5rOHVYakIKT3dCaUhNYmhFK3lvNWdKbHB4RHNHYTJrc1A2b3kxRFJOZjM5bHpPNXFRZFZvOE84WElNWEtxcGkxK1pQZDRYZQpuSDJPT3NhQ01ieEpWY012QjNsNjlsRzJLc3A2MVNOT2ZDS2M1bWQwSXhMdFRzN1psdTN6d2JLRnZWVHg3dG95ClhGcE9CWGRuaDJGbDJ3VkF6SkZQVnowLzVBT21TMnlHa3UwOTExSUM2ajZVR2dyck94L0UzRm9KYzAyWkg3V3AKdzAwcHpzVlEwN3lPbTBoTDZZOTMzeTVldFN6MVRxbSs0UWIxOWd6K3U0eUh6ODRzNEQxNnYrUVl6SzVMVlZEaAovZDFKWEIxUVVXZkdiVmFDcDNFQ0F3RUFBYU1qTUNFd0RnWURWUjBQQVFIL0JBUURBZ0trTUE4R0ExVWRFd0VCCi93UUZNQU1CQWY4d0RRWUpLb1pJaHZjTkFRRUxCUUFEZ2dFQkFHSFlTRU9nY0JDU2dEY0hzYUlEWFIxS2F2REYKYkRYTlArWHdlS0ZWc1JDaFRtWkU1ZkFZdGxuUWJzbkVsT2x1Q1JHenorMFl4UnltV1Z3aTNuR3BVeng4MDVJOQpnWnpiOUxlcS9RMHdBQ1JUNjVNcHRQd0tHSS9pdEZHOGVyN1B4RjdrTVdlQ2FqR1lxTDYyWCtYV1NTbmNRK1ZRCmZxRWNvQ0lqRkVvVmRKOGVUdXFaMW5ieXFlencwSUp5M2Z3TTBTeW5GNGYxWGRCbC9hTkY2eFFKRy9BRkNUclcKajJqR0xhQnlmbHlSYVZTV0RRaW1jY1pDMmU2RXZzRmhMemt5OHdqL0E1b0JreExiTmVkd3FnQUx2S0JxaDRtQQpsYlFTZ0o1R2JoamI4MzFOMFNzRk5jMjRVWUx0azZ5Qm5qSUx3bmFFWWd5emJqWElnVU9EY0NlQUlOcz0KLS0tLS1FTkQgQ0VSVElGSUNBVEUtLS0tLQo="
              }
            ],
            "created_at": "2019-09-20 14:05:12 +0000 UTC",
            "enabled_cluster_log_types": [],
            "endpoint": "https://EAA1889754BBAB9D0F2F0AF6700C9D15.gr7.us-east-1.eks.amazonaws.com",
            "id": "eks-dev-cluster",
            "name": "eks-dev-cluster",
            "platform_version": "eks.4",
            "role_arn": "arn:aws:iam::748762807827:role/eks-master-role",
            "status": "ACTIVE",
            "timeouts": null,
            "version": "1.12",
            "vpc_config": [
              {
                "endpoint_private_access": false,
                "endpoint_public_access": true,
                "security_group_ids": [
                  "sg-08d7720ab2d386084"
                ],
                "subnet_ids": [
                  "subnet-00197cd7063344035",
                  "subnet-02d932e2836915aa3",
                  "subnet-0ae9e1a112cbfa7ec"
                ],
                "vpc_id": "vpc-041654dc90a63df4a"
              }
            ]
          },
          "private": "eyJlMmJmYjczMC1lY2FhLTExZTYtOGY4OC0zNDM2M2JjN2M0YzAiOnsiY3JlYXRlIjoxODAwMDAwMDAwMDAwLCJkZWxldGUiOjkwMDAwMDAwMDAwMCwidXBkYXRlIjozNjAwMDAwMDAwMDAwfX0=",
          "depends_on": [
            "aws_iam_role.eks-master-role",
            "aws_iam_role_policy_attachment.eks-cluster-policy",
            "aws_iam_role_policy_attachment.eks-service-policy",
            "aws_security_group.cluster-master",
            "aws_subnet.subnet"
          ]
        }
      ]
    },
    {
      "mode": "managed",
      "type": "aws_iam_role",
      "name": "eks-master-role",
      "provider": "provider.aws",
      "instances": [
        {
          "schema_version": 0,
          "attributes": {
            "arn": "arn:aws:iam::748762807827:role/eks-master-role",
            "assume_role_policy": "{\"Version\":\"2012-10-17\",\"Statement\":[{\"Effect\":\"Allow\",\"Principal\":{\"Service\":\"eks.amazonaws.com\"},\"Action\":\"sts:AssumeRole\"}]}",
            "create_date": "2019-09-20T14:05:00Z",
            "description": "",
            "force_detach_policies": false,
            "id": "eks-master-role",
            "max_session_duration": 3600,
            "name": "eks-master-role",
            "name_prefix": null,
            "path": "/",
            "permissions_boundary": null,
            "tags": {},
            "unique_id": "AROA24VN5XYJV5SPI6AOS"
          },
          "private": "bnVsbA=="
        }
      ]
    },
    {
      "mode": "managed",
      "type": "aws_iam_role_policy_attachment",
      "name": "eks-cluster-policy",
      "provider": "provider.aws",
      "instances": [
        {
          "schema_version": 0,
          "attributes": {
            "id": "eks-master-role-20190920140500932500000001",
            "policy_arn": "arn:aws:iam::aws:policy/AmazonEKSClusterPolicy",
            "role": "eks-master-role"
          },
          "private": "bnVsbA==",
          "depends_on": [
            "aws_iam_role.eks-master-role"
          ]
        }
      ]
    },
    {
      "mode": "managed",
      "type": "aws_iam_role_policy_attachment",
      "name": "eks-service-policy",
      "provider": "provider.aws",
      "instances": [
        {
          "schema_version": 0,
          "attributes": {
            "id": "eks-master-role-20190920140500945800000006",
            "policy_arn": "arn:aws:iam::aws:policy/AmazonEKSServicePolicy",
            "role": "eks-master-role"
          },
          "private": "bnVsbA==",
          "depends_on": [
            "aws_iam_role.eks-master-role"
          ]
        }
      ]
    },
    {
      "mode": "managed",
      "type": "aws_launch_configuration",
      "name": "eks-lc",
      "provider": "provider.aws",
      "instances": []
    },
    {
      "mode": "managed",
      "type": "aws_route_table_association",
      "name": "rtba",
      "each": "list",
      "provider": "provider.aws",
      "instances": []
    },
    {
      "mode": "managed",
      "type": "aws_security_group",
      "name": "cluster-master",
      "provider": "provider.aws",
      "instances": [
        {
          "schema_version": 1,
          "attributes": {
            "arn": "arn:aws:ec2:us-east-1:748762807827:security-group/sg-08d7720ab2d386084",
            "description": "EKS cluster master security group",
            "egress": [
              {
                "cidr_blocks": [
                  "0.0.0.0/0"
                ],
                "description": "",
                "from_port": 0,
                "ipv6_cidr_blocks": [],
                "prefix_list_ids": [],
                "protocol": "-1",
                "security_groups": [],
                "self": false,
                "to_port": 0
              }
            ],
            "id": "sg-08d7720ab2d386084",
            "ingress": [
              {
                "cidr_blocks": [
                  "0.0.0.0/0"
                ],
                "description": "",
                "from_port": 443,
                "ipv6_cidr_blocks": [],
                "prefix_list_ids": [],
                "protocol": "tcp",
                "security_groups": [],
                "self": false,
                "to_port": 443
              }
            ],
            "name": "cluster-master",
            "name_prefix": null,
            "owner_id": "748762807827",
            "revoke_rules_on_delete": false,
            "tags": {
              "Environment": "dev",
              "Name": "eks-master-sg",
              "Project": "eks",
              "Terraform": "true",
              "kubernetes.io/cluster/eks-dev-cluster": "shared"
            },
            "timeouts": null,
            "vpc_id": "vpc-041654dc90a63df4a"
          },
          "private": "eyJlMmJmYjczMC1lY2FhLTExZTYtOGY4OC0zNDM2M2JjN2M0YzAiOnsiY3JlYXRlIjo2MDAwMDAwMDAwMDAsImRlbGV0ZSI6NjAwMDAwMDAwMDAwfSwic2NoZW1hX3ZlcnNpb24iOiIxIn0=",
          "depends_on": [
            "aws_vpc.vpc"
          ]
        }
      ]
    },
    {
      "mode": "managed",
      "type": "aws_subnet",
      "name": "subnet",
      "each": "list",
      "provider": "provider.aws",
      "instances": [
        {
          "index_key": 0,
          "schema_version": 1,
          "attributes": {
            "arn": "arn:aws:ec2:us-east-1:748762807827:subnet/subnet-0ae9e1a112cbfa7ec",
            "assign_ipv6_address_on_creation": false,
            "availability_zone": "us-east-1a",
            "availability_zone_id": "use1-az1",
            "cidr_block": "10.0.0.0/24",
            "id": "subnet-0ae9e1a112cbfa7ec",
            "ipv6_cidr_block": "",
            "ipv6_cidr_block_association_id": "",
            "map_public_ip_on_launch": true,
            "owner_id": "748762807827",
            "tags": {
              "Environment": "dev",
              "Name": "eks-dev-subnet-1",
              "Project": "eks",
              "Terraform": "true",
              "kubernetes.io/cluster/eks-dev-cluster": "shared"
            },
            "timeouts": null,
            "vpc_id": "vpc-041654dc90a63df4a"
          },
          "private": "eyJlMmJmYjczMC1lY2FhLTExZTYtOGY4OC0zNDM2M2JjN2M0YzAiOnsiY3JlYXRlIjo2MDAwMDAwMDAwMDAsImRlbGV0ZSI6MTIwMDAwMDAwMDAwMH0sInNjaGVtYV92ZXJzaW9uIjoiMSJ9",
          "depends_on": [
            "aws_vpc.vpc",
            "data.aws_availability_zones.available"
          ]
        },
        {
          "index_key": 1,
          "schema_version": 1,
          "attributes": {
            "arn": "arn:aws:ec2:us-east-1:748762807827:subnet/subnet-02d932e2836915aa3",
            "assign_ipv6_address_on_creation": false,
            "availability_zone": "us-east-1b",
            "availability_zone_id": "use1-az2",
            "cidr_block": "10.0.1.0/24",
            "id": "subnet-02d932e2836915aa3",
            "ipv6_cidr_block": "",
            "ipv6_cidr_block_association_id": "",
            "map_public_ip_on_launch": true,
            "owner_id": "748762807827",
            "tags": {
              "Environment": "dev",
              "Name": "eks-dev-subnet-2",
              "Project": "eks",
              "Terraform": "true",
              "kubernetes.io/cluster/eks-dev-cluster": "shared"
            },
            "timeouts": null,
            "vpc_id": "vpc-041654dc90a63df4a"
          },
          "private": "eyJlMmJmYjczMC1lY2FhLTExZTYtOGY4OC0zNDM2M2JjN2M0YzAiOnsiY3JlYXRlIjo2MDAwMDAwMDAwMDAsImRlbGV0ZSI6MTIwMDAwMDAwMDAwMH0sInNjaGVtYV92ZXJzaW9uIjoiMSJ9",
          "depends_on": [
            "aws_vpc.vpc",
            "data.aws_availability_zones.available"
          ]
        },
        {
          "index_key": 2,
          "schema_version": 1,
          "attributes": {
            "arn": "arn:aws:ec2:us-east-1:748762807827:subnet/subnet-00197cd7063344035",
            "assign_ipv6_address_on_creation": false,
            "availability_zone": "us-east-1c",
            "availability_zone_id": "use1-az4",
            "cidr_block": "10.0.2.0/24",
            "id": "subnet-00197cd7063344035",
            "ipv6_cidr_block": "",
            "ipv6_cidr_block_association_id": "",
            "map_public_ip_on_launch": true,
            "owner_id": "748762807827",
            "tags": {
              "Environment": "dev",
              "Name": "eks-dev-subnet-3",
              "Project": "eks",
              "Terraform": "true",
              "kubernetes.io/cluster/eks-dev-cluster": "shared"
            },
            "timeouts": null,
            "vpc_id": "vpc-041654dc90a63df4a"
          },
          "private": "eyJlMmJmYjczMC1lY2FhLTExZTYtOGY4OC0zNDM2M2JjN2M0YzAiOnsiY3JlYXRlIjo2MDAwMDAwMDAwMDAsImRlbGV0ZSI6MTIwMDAwMDAwMDAwMH0sInNjaGVtYV92ZXJzaW9uIjoiMSJ9",
          "depends_on": [
            "aws_vpc.vpc",
            "data.aws_availability_zones.available"
          ]
        }
      ]
    },
    {
      "mode": "managed",
      "type": "aws_vpc",
      "name": "vpc",
      "provider": "provider.aws",
      "instances": [
        {
          "schema_version": 1,
          "attributes": {
            "arn": "arn:aws:ec2:us-east-1:748762807827:vpc/vpc-041654dc90a63df4a",
            "assign_generated_ipv6_cidr_block": false,
            "cidr_block": "10.0.0.0/16",
            "default_network_acl_id": "acl-0554070808cee992e",
            "default_route_table_id": "rtb-08905181c9749ae98",
            "default_security_group_id": "sg-06f8fcb22c66bab4f",
            "dhcp_options_id": "dopt-31eb094a",
            "enable_classiclink": false,
            "enable_classiclink_dns_support": false,
            "enable_dns_hostnames": true,
            "enable_dns_support": true,
            "id": "vpc-041654dc90a63df4a",
            "instance_tenancy": "default",
            "ipv6_association_id": "",
            "ipv6_cidr_block": "",
            "main_route_table_id": "rtb-08905181c9749ae98",
            "owner_id": "748762807827",
            "tags": {
              "Environment": "dev",
              "Name": "eks-dev-vpc",
              "Project": "eks",
              "Terraform": "true",
              "kubernetes.io/cluster/eks-dev-cluster": "shared"
            }
          },
          "private": "eyJzY2hlbWFfdmVyc2lvbiI6IjEifQ=="
        }
      ]
    }
  ]
}
